
Microsoft Visual Studio Solution File, Format Version 12.00
# Visual Studio Version 17
VisualStudioVersion = 17.10.34916.146
MinimumVisualStudioVersion = 10.0.40219.1
Project("{9A19103F-16F7-4668-BE54-9A1E7A4F7556}") = "LibraryManager.Api", "LibraryManager.Api\LibraryManager.Api.csproj", "{2B9FF826-7232-434E-B5FD-E066C9090736}"
EndProject
Project("{E53339B2-1760-4266-BCC7-CA923CBCF16C}") = "docker-compose", "docker-compose.dcproj", "{240A98F5-9326-459C-99EF-5D8126B62C98}"
EndProject
Project("{2150E333-8FDC-42A3-9474-1A3956D46DE8}") = "Infraestructure", "Infraestructure", "{C771A097-1043-44BE-9503-48A9128088D3}"
EndProject
Project("{2150E333-8FDC-42A3-9474-1A3956D46DE8}") = "Presentation", "Presentation", "{9344ABF0-AEDB-40FB-96B5-312A8238A0DE}"
EndProject
Project("{2150E333-8FDC-42A3-9474-1A3956D46DE8}") = "Core", "Core", "{43ED104E-1409-4BBD-8D8C-EB25FB3D1A2E}"
EndProject
Project("{9A19103F-16F7-4668-BE54-9A1E7A4F7556}") = "LibraryManager.Application", "LibraryManager.Application\LibraryManager.Application.csproj", "{FA232D45-1DD1-4A8A-B494-687B23AA1D07}"
EndProject
Project("{9A19103F-16F7-4668-BE54-9A1E7A4F7556}") = "LibraryManager.Domain", "LibraryManager.Domain\LibraryManager.Domain.csproj", "{7AE444DE-0B3A-4445-9324-E4833100D8FF}"
EndProject
Project("{9A19103F-16F7-4668-BE54-9A1E7A4F7556}") = "LibraryManager.Data", "LibraryManager.Data\LibraryManager.Data.csproj", "{9E32A1FF-A3BC-4E3B-887C-A1E8680B519E}"
EndProject
Project("{9A19103F-16F7-4668-BE54-9A1E7A4F7556}") = "LibraryManager.DI", "LibraryManager.DI\LibraryManager.DI.csproj", "{763A1D20-8DB3-43ED-9B9D-61E648E13A7C}"
EndProject
Global
	GlobalSection(SolutionConfigurationPlatforms) = preSolution
		Debug|Any CPU = Debug|Any CPU
		Release|Any CPU = Release|Any CPU
	EndGlobalSection
	GlobalSection(ProjectConfigurationPlatforms) = postSolution
		{2B9FF826-7232-434E-B5FD-E066C9090736}.Debug|Any CPU.ActiveCfg = Debug|Any CPU
		{2B9FF826-7232-434E-B5FD-E066C9090736}.Debug|Any CPU.Build.0 = Debug|Any CPU
		{2B9FF826-7232-434E-B5FD-E066C9090736}.Release|Any CPU.ActiveCfg = Release|Any CPU
		{2B9FF826-7232-434E-B5FD-E066C9090736}.Release|Any CPU.Build.0 = Release|Any CPU
		{240A98F5-9326-459C-99EF-5D8126B62C98}.Debug|Any CPU.ActiveCfg = Debug|Any CPU
		{240A98F5-9326-459C-99EF-5D8126B62C98}.Debug|Any CPU.Build.0 = Debug|Any CPU
		{240A98F5-9326-459C-99EF-5D8126B62C98}.Release|Any CPU.ActiveCfg = Release|Any CPU
		{240A98F5-9326-459C-99EF-5D8126B62C98}.Release|Any CPU.Build.0 = Release|Any CPU
		{FA232D45-1DD1-4A8A-B494-687B23AA1D07}.Debug|Any CPU.ActiveCfg = Debug|Any CPU
		{FA232D45-1DD1-4A8A-B494-687B23AA1D07}.Debug|Any CPU.Build.0 = Debug|Any CPU
		{FA232D45-1DD1-4A8A-B494-687B23AA1D07}.Release|Any CPU.ActiveCfg = Release|Any CPU
		{FA232D45-1DD1-4A8A-B494-687B23AA1D07}.Release|Any CPU.Build.0 = Release|Any CPU
		{7AE444DE-0B3A-4445-9324-E4833100D8FF}.Debug|Any CPU.ActiveCfg = Debug|Any CPU
		{7AE444DE-0B3A-4445-9324-E4833100D8FF}.Debug|Any CPU.Build.0 = Debug|Any CPU
		{7AE444DE-0B3A-4445-9324-E4833100D8FF}.Release|Any CPU.ActiveCfg = Release|Any CPU
		{7AE444DE-0B3A-4445-9324-E4833100D8FF}.Release|Any CPU.Build.0 = Release|Any CPU
		{9E32A1FF-A3BC-4E3B-887C-A1E8680B519E}.Debug|Any CPU.ActiveCfg = Debug|Any CPU
		{9E32A1FF-A3BC-4E3B-887C-A1E8680B519E}.Debug|Any CPU.Build.0 = Debug|Any CPU
		{9E32A1FF-A3BC-4E3B-887C-A1E8680B519E}.Release|Any CPU.ActiveCfg = Release|Any CPU
		{9E32A1FF-A3BC-4E3B-887C-A1E8680B519E}.Release|Any CPU.Build.0 = Release|Any CPU
		{763A1D20-8DB3-43ED-9B9D-61E648E13A7C}.Debug|Any CPU.ActiveCfg = Debug|Any CPU
		{763A1D20-8DB3-43ED-9B9D-61E648E13A7C}.Debug|Any CPU.Build.0 = Debug|Any CPU
		{763A1D20-8DB3-43ED-9B9D-61E648E13A7C}.Release|Any CPU.ActiveCfg = Release|Any CPU
		{763A1D20-8DB3-43ED-9B9D-61E648E13A7C}.Release|Any CPU.Build.0 = Release|Any CPU
	EndGlobalSection
	GlobalSection(SolutionProperties) = preSolution
		HideSolutionNode = FALSE
	EndGlobalSection
	GlobalSection(NestedProjects) = preSolution
		{2B9FF826-7232-434E-B5FD-E066C9090736} = {9344ABF0-AEDB-40FB-96B5-312A8238A0DE}
		{FA232D45-1DD1-4A8A-B494-687B23AA1D07} = {43ED104E-1409-4BBD-8D8C-EB25FB3D1A2E}
		{7AE444DE-0B3A-4445-9324-E4833100D8FF} = {43ED104E-1409-4BBD-8D8C-EB25FB3D1A2E}
		{9E32A1FF-A3BC-4E3B-887C-A1E8680B519E} = {C771A097-1043-44BE-9503-48A9128088D3}
		{763A1D20-8DB3-43ED-9B9D-61E648E13A7C} = {C771A097-1043-44BE-9503-48A9128088D3}
	EndGlobalSection
	GlobalSection(ExtensibilityGlobals) = postSolution
		SolutionGuid = {C6F25F64-16AB-4B35-9249-5935B1EDBA87}
	EndGlobalSection
EndGlobal
